
Microsoft Visual Studio Solution File, Format Version 12.00
# Visual Studio Version 17
VisualStudioVersion = 17.0.31903.59
MinimumVisualStudioVersion = 10.0.40219.1
Project("{FAE04EC0-301F-11D3-BF4B-00C04F79EFBC}") = "EFSchoolWeb", "EFSchoolWeb.csproj", "{1BEFB7EE-2D85-4573-A42C-2A08CE842A6A}"
EndProject
Global
	GlobalSection(SolutionConfigurationPlatforms) = preSolution
		Debug|Any CPU = Debug|Any CPU
		Release|Any CPU = Release|Any CPU
	EndGlobalSection
	GlobalSection(ProjectConfigurationPlatforms) = postSolution
		{1BEFB7EE-2D85-4573-A42C-2A08CE842A6A}.Debug|Any CPU.ActiveCfg = Debug|Any CPU
		{1BEFB7EE-2D85-4573-A42C-2A08CE842A6A}.Debug|Any CPU.Build.0 = Debug|Any CPU
		{1BEFB7EE-2D85-4573-A42C-2A08CE842A6A}.Release|Any CPU.ActiveCfg = Release|Any CPU
		{1BEFB7EE-2D85-4573-A42C-2A08CE842A6A}.Release|Any CPU.Build.0 = Release|Any CPU
	EndGlobalSection
	GlobalSection(SolutionProperties) = preSolution
		HideSolutionNode = FALSE
	EndGlobalSection
	GlobalSection(ExtensibilityGlobals) = postSolution
		SolutionGuid = {B893C219-8E2E-4224-BC46-34989D9AD838}
	EndGlobalSection
EndGlobal
